{
  "name": "ipharmegy-inventory",
  "version": "1.0.0",
  "lockfileVersion": 3,
  "requires": true,
  "packages": {
    "": {
      "name": "ipharmegy-inventory",
      "version": "1.0.0",
      "dependencies": {
        "@ipharmegy/core": "file:../ipharmegy-core"
      }
    },
    "../ipharmegy-core": {
      "name": "@ipharmegy/core",
      "version": "1.0.0",
      "dependencies": {
        "cors": "^2.8.5",
        "csv-parser": "^3.2.0",
        "express": "^4.21.2",
        "mssql": "^12.2.0"
      }
    },
    "node_modules/@ipharmegy/core": {
      "resolved": "../ipharmegy-core",
      "link": true
    }
  }
}
